{
  "name": "@distributedlab/circom2",
  "version": "0.2.19-rc.0",
  "lockfileVersion": 3,
  "requires": true,
  "packages": {
    "": {
      "name": "@distributedlab/circom2",
      "version": "0.2.19-rc.0",
      "license": "GPL-3.0",
      "dependencies": {
        "@wasmer/wasi": "^0.12.0",
        "ts-node": "^10.9.2"
      },
      "bin": {
        "circom2": "cli.ts"
      },
      "devDependencies": {
        "@iden3/binfileutils": "^0.0.11",
        "@types/node": "^20.14.11",
        "prettier": "^2.5.1",
        "r1csfile": "^0.0.41",
        "typescript": "^5.5.4"
      },
      "engines": {
        "node": ">=16.3.0"
      },
      "optionalDependencies": {
        "rustwasmc": "^0.1.29"
      }
    },
    "node_modules/@cspotcode/source-map-support": {
      "version": "0.8.1",
      "resolved": "https://registry.npmjs.org/@cspotcode/source-map-support/-/source-map-support-0.8.1.tgz",
      "integrity": "sha512-IchNf6dN4tHoMFIn/7OE8LWZ19Y6q/67Bmf6vnGREv8RSbBVb9LPJxEcnwrcwX6ixSvaiGoomAUvu4YSxXrVgw==",
      "dependencies": {
        "@jridgewell/trace-mapping": "0.3.9"
      },
      "engines": {
        "node": ">=12"
      }
    },
    "node_modules/@iden3/bigarray": {
      "version": "0.0.2",
      "resolved": "https://registry.npmjs.org/@iden3/bigarray/-/bigarray-0.0.2.tgz",
      "integrity": "sha512-Xzdyxqm1bOFF6pdIsiHLLl3HkSLjbhqJHVyqaTxXt3RqXBEnmsUmEW47H7VOi/ak7TdkRpNkxjyK5Zbkm+y52g==",
      "dev": true
    },
    "node_modules/@iden3/binfileutils": {
      "version": "0.0.11",
      "resolved": "https://registry.npmjs.org/@iden3/binfileutils/-/binfileutils-0.0.11.tgz",
      "integrity": "sha512-LylnJoZ0CTdgErnKY8OxohvW4K+p6UHD3sxt+3P9AmMyBQjYR4IpoqoYZZ+9aMj89cmCQ21UvdhndAx04er3NA==",
      "dev": true,
      "dependencies": {
        "fastfile": "0.0.20",
        "ffjavascript": "^0.2.48"
      }
    },
    "node_modules/@jridgewell/resolve-uri": {
      "version": "3.1.2",
      "resolved": "https://registry.npmjs.org/@jridgewell/resolve-uri/-/resolve-uri-3.1.2.tgz",
      "integrity": "sha512-bRISgCIjP20/tbWSPWMEi54QVPRZExkuD9lJL+UIxUKtwVJA8wW1Trb1jMs1RFXo1CBTNZ/5hpC9QvmKWdopKw==",
      "engines": {
        "node": ">=6.0.0"
      }
    },
    "node_modules/@jridgewell/sourcemap-codec": {
      "version": "1.5.0",
      "resolved": "https://registry.npmjs.org/@jridgewell/sourcemap-codec/-/sourcemap-codec-1.5.0.tgz",
      "integrity": "sha512-gv3ZRaISU3fjPAgNsriBRqGWQL6quFx04YMPW/zD8XMLsU32mhCCbfbO6KZFLjvYpCZ8zyDEgqsgf+PwPaM7GQ=="
    },
    "node_modules/@jridgewell/trace-mapping": {
      "version": "0.3.9",
      "resolved": "https://registry.npmjs.org/@jridgewell/trace-mapping/-/trace-mapping-0.3.9.tgz",
      "integrity": "sha512-3Belt6tdc8bPgAtbcmdtNJlirVoTmEb5e2gC94PnkwEW9jI6CAHUeoG85tjWP5WquqfavoMtMwiG4P926ZKKuQ==",
      "dependencies": {
        "@jridgewell/resolve-uri": "^3.0.3",
        "@jridgewell/sourcemap-codec": "^1.4.10"
      }
    },
    "node_modules/@tsconfig/node10": {
      "version": "1.0.11",
      "resolved": "https://registry.npmjs.org/@tsconfig/node10/-/node10-1.0.11.tgz",
      "integrity": "sha512-DcRjDCujK/kCk/cUe8Xz8ZSpm8mS3mNNpta+jGCA6USEDfktlNvm1+IuZ9eTcDbNk41BHwpHHeW+N1lKCz4zOw=="
    },
    "node_modules/@tsconfig/node12": {
      "version": "1.0.11",
      "resolved": "https://registry.npmjs.org/@tsconfig/node12/-/node12-1.0.11.tgz",
      "integrity": "sha512-cqefuRsh12pWyGsIoBKJA9luFu3mRxCA+ORZvA4ktLSzIuCUtWVxGIuXigEwO5/ywWFMZ2QEGKWvkZG1zDMTag=="
    },
    "node_modules/@tsconfig/node14": {
      "version": "1.0.3",
      "resolved": "https://registry.npmjs.org/@tsconfig/node14/-/node14-1.0.3.tgz",
      "integrity": "sha512-ysT8mhdixWK6Hw3i1V2AeRqZ5WfXg1G43mqoYlM2nc6388Fq5jcXyr5mRsqViLx/GJYdoL0bfXD8nmF+Zn/Iow=="
    },
    "node_modules/@tsconfig/node16": {
      "version": "1.0.4",
      "resolved": "https://registry.npmjs.org/@tsconfig/node16/-/node16-1.0.4.tgz",
      "integrity": "sha512-vxhUy4J8lyeyinH7Azl1pdd43GJhZH/tP2weN8TntQblOY+A0XbT8DJk1/oCPuOOyg/Ja757rG0CgHcWC8OfMA=="
    },
    "node_modules/@types/node": {
      "version": "20.14.11",
      "resolved": "https://registry.npmjs.org/@types/node/-/node-20.14.11.tgz",
      "integrity": "sha512-kprQpL8MMeszbz6ojB5/tU8PLN4kesnN8Gjzw349rDlNgsSzg90lAVj3llK99Dh7JON+t9AuscPPFW6mPbTnSA==",
      "dependencies": {
        "undici-types": "~5.26.4"
      }
    },
    "node_modules/@wasmer/wasi": {
      "version": "0.12.0",
      "resolved": "https://registry.npmjs.org/@wasmer/wasi/-/wasi-0.12.0.tgz",
      "integrity": "sha512-FJhLZKAfLWm/yjQI7eCRHNbA8ezmb7LSpUYFkHruZXs2mXk2+DaQtSElEtOoNrVQ4vApTyVaAd5/b7uEu8w6wQ==",
      "dependencies": {
        "browser-process-hrtime": "^1.0.0",
        "buffer-es6": "^4.9.3",
        "path-browserify": "^1.0.0",
        "randomfill": "^1.0.4"
      }
    },
    "node_modules/acorn": {
      "version": "8.12.1",
      "resolved": "https://registry.npmjs.org/acorn/-/acorn-8.12.1.tgz",
      "integrity": "sha512-tcpGyI9zbizT9JbV6oYE477V6mTlXvvi0T0G3SNIYE2apm/G5huBa1+K89VGeovbg+jycCrfhl3ADxErOuO6Jg==",
      "bin": {
        "acorn": "bin/acorn"
      },
      "engines": {
        "node": ">=0.4.0"
      }
    },
    "node_modules/acorn-walk": {
      "version": "8.3.3",
      "resolved": "https://registry.npmjs.org/acorn-walk/-/acorn-walk-8.3.3.tgz",
      "integrity": "sha512-MxXdReSRhGO7VlFe1bRG/oI7/mdLV9B9JJT0N8vZOhF7gFRR5l3M8W9G8JxmKV+JC5mGqJ0QvqfSOLsCPa4nUw==",
      "dependencies": {
        "acorn": "^8.11.0"
      },
      "engines": {
        "node": ">=0.4.0"
      }
    },
    "node_modules/arg": {
      "version": "4.1.3",
      "resolved": "https://registry.npmjs.org/arg/-/arg-4.1.3.tgz",
      "integrity": "sha512-58S9QDqG0Xx27YwPSt9fJxivjYl432YCwfDMfZ+71RAqUrZef7LrKQZ3LHLOwCS4FLNBplP533Zx895SeOCHvA=="
    },
    "node_modules/axios": {
      "version": "0.19.2",
      "resolved": "https://registry.npmjs.org/axios/-/axios-0.19.2.tgz",
      "integrity": "sha512-fjgm5MvRHLhx+osE2xoekY70AhARk3a6hkN+3Io1jc00jtquGvxYlKlsFUhmUET0V5te6CcZI7lcv2Ym61mjHA==",
      "deprecated": "Critical security vulnerability fixed in v0.21.1. For more information, see https://github.com/axios/axios/pull/3410",
      "optional": true,
      "dependencies": {
        "follow-redirects": "1.5.10"
      }
    },
    "node_modules/balanced-match": {
      "version": "1.0.2",
      "resolved": "https://registry.npmjs.org/balanced-match/-/balanced-match-1.0.2.tgz",
      "integrity": "sha512-3oSeUO0TMV67hN1AmbXsK4yaqU7tjiHlbxRDZOpH0KW9+CeX4bRAaX0Anxt0tx2MrpRpWwQaPwIlISEJhYU5Pw==",
      "optional": true
    },
    "node_modules/binary-install": {
      "version": "0.0.1",
      "resolved": "https://registry.npmjs.org/binary-install/-/binary-install-0.0.1.tgz",
      "integrity": "sha512-axr6lqB4ec/pkEOb/JMnZpfcroWv1zT48pVz1oQHG7XmGkS77vmdxmP1btuH79lWQdy9e2MVw/uW0D8siopkRg==",
      "optional": true,
      "dependencies": {
        "axios": "^0.19.0",
        "env-paths": "^2.2.0",
        "mkdirp": "^0.5.1",
        "rimraf": "^3.0.0",
        "tar": "^5.0.5",
        "universal-url": "^2.0.0"
      }
    },
    "node_modules/brace-expansion": {
      "version": "1.1.11",
      "resolved": "https://registry.npmjs.org/brace-expansion/-/brace-expansion-1.1.11.tgz",
      "integrity": "sha512-iCuPHDFgrHX7H2vEI/5xpz07zSHB00TpugqhmYtVmMO6518mCuRMoOYFldEBl0g187ufozdaHgWKcYFb61qGiA==",
      "optional": true,
      "dependencies": {
        "balanced-match": "^1.0.0",
        "concat-map": "0.0.1"
      }
    },
    "node_modules/browser-process-hrtime": {
      "version": "1.0.0",
      "resolved": "https://registry.npmjs.org/browser-process-hrtime/-/browser-process-hrtime-1.0.0.tgz",
      "integrity": "sha512-9o5UecI3GhkpM6DrXr69PblIuWxPKk9Y0jHBRhdocZ2y7YECBFCsHm79Pr3OyR2AvjhDkabFJaDJMYRazHgsow=="
    },
    "node_modules/buffer-es6": {
      "version": "4.9.3",
      "resolved": "https://registry.npmjs.org/buffer-es6/-/buffer-es6-4.9.3.tgz",
      "integrity": "sha512-Ibt+oXxhmeYJSsCkODPqNpPmyegefiD8rfutH1NYGhMZQhSp95Rz7haemgnJ6dxa6LT+JLLbtgOMORRluwKktw=="
    },
    "node_modules/chownr": {
      "version": "1.1.4",
      "resolved": "https://registry.npmjs.org/chownr/-/chownr-1.1.4.tgz",
      "integrity": "sha512-jJ0bqzaylmJtVnNgzTeSOs8DPavpbYgEr/b0YL8/2GO3xJEhInFmhKMUnEJQjZumK7KXGFhUy89PrsJWlakBVg==",
      "optional": true
    },
    "node_modules/concat-map": {
      "version": "0.0.1",
      "resolved": "https://registry.npmjs.org/concat-map/-/concat-map-0.0.1.tgz",
      "integrity": "sha512-/Srv4dswyQNBfohGpz9o6Yb3Gz3SrUDqBH5rTuhGR7ahtlbYKnVxw2bCFMRljaA7EXHaXZ8wsHdodFvbkhKmqg==",
      "optional": true
    },
    "node_modules/create-require": {
      "version": "1.1.1",
      "resolved": "https://registry.npmjs.org/create-require/-/create-require-1.1.1.tgz",
      "integrity": "sha512-dcKFX3jn0MpIaXjisoRvexIJVEKzaq7z2rZKxf+MSr9TkdmHmsU4m2lcLojrj/FHl8mk5VxMmYA+ftRkP/3oKQ=="
    },
    "node_modules/debug": {
      "version": "3.1.0",
      "resolved": "https://registry.npmjs.org/debug/-/debug-3.1.0.tgz",
      "integrity": "sha512-OX8XqP7/1a9cqkxYw2yXss15f26NKWBpDXQd0/uK/KPqdQhxbPa994hnzjcE2VqQpDslf55723cKPUOGSmMY3g==",
      "optional": true,
      "dependencies": {
        "ms": "2.0.0"
      }
    },
    "node_modules/diff": {
      "version": "4.0.2",
      "resolved": "https://registry.npmjs.org/diff/-/diff-4.0.2.tgz",
      "integrity": "sha512-58lmxKSA4BNyLz+HHMUzlOEpg09FV+ev6ZMe3vJihgdxzgcwZ8VoEEPmALCZG9LmqfVoNMMKpttIYTVG6uDY7A==",
      "engines": {
        "node": ">=0.3.1"
      }
    },
    "node_modules/env-paths": {
      "version": "2.2.1",
      "resolved": "https://registry.npmjs.org/env-paths/-/env-paths-2.2.1.tgz",
      "integrity": "sha512-+h1lkLKhZMTYjog1VEpJNG7NZJWcuc2DDk/qsqSTRRCOXiLjeQ1d1/udrUGhqMxUgAlwKNZ0cf2uqan5GLuS2A==",
      "optional": true,
      "engines": {
        "node": ">=6"
      }
    },
    "node_modules/fastfile": {
      "version": "0.0.20",
      "resolved": "https://registry.npmjs.org/fastfile/-/fastfile-0.0.20.tgz",
      "integrity": "sha512-r5ZDbgImvVWCP0lA/cGNgQcZqR+aYdFx3u+CtJqUE510pBUVGMn4ulL/iRTI4tACTYsNJ736uzFxEBXesPAktA==",
      "dev": true
    },
    "node_modules/ffjavascript": {
      "version": "0.2.63",
      "resolved": "https://registry.npmjs.org/ffjavascript/-/ffjavascript-0.2.63.tgz",
      "integrity": "sha512-dBgdsfGks58b66JnUZeZpGxdMIDQ4QsD3VYlRJyFVrKQHb2kJy4R2gufx5oetrTxXPT+aEjg0dOvOLg1N0on4A==",
      "dev": true,
      "dependencies": {
        "wasmbuilder": "0.0.16",
        "wasmcurves": "0.2.2",
        "web-worker": "1.2.0"
      }
    },
    "node_modules/follow-redirects": {
      "version": "1.5.10",
      "resolved": "https://registry.npmjs.org/follow-redirects/-/follow-redirects-1.5.10.tgz",
      "integrity": "sha512-0V5l4Cizzvqt5D44aTXbFZz+FtyXV1vrDN6qrelxtfYQKW0KO0W2T/hkE8xvGa/540LkZlkaUjO4ailYTFtHVQ==",
      "optional": true,
      "dependencies": {
        "debug": "=3.1.0"
      },
      "engines": {
        "node": ">=4.0"
      }
    },
    "node_modules/fs-minipass": {
      "version": "2.1.0",
      "resolved": "https://registry.npmjs.org/fs-minipass/-/fs-minipass-2.1.0.tgz",
      "integrity": "sha512-V/JgOLFCS+R6Vcq0slCuaeWEdNC3ouDlJMNIsacH2VtALiu9mV4LPrHc5cDl8k5aw6J8jwgWWpiTo5RYhmIzvg==",
      "optional": true,
      "dependencies": {
        "minipass": "^3.0.0"
      },
      "engines": {
        "node": ">= 8"
      }
    },
    "node_modules/fs.realpath": {
      "version": "1.0.0",
      "resolved": "https://registry.npmjs.org/fs.realpath/-/fs.realpath-1.0.0.tgz",
      "integrity": "sha512-OO0pH2lK6a0hZnAdau5ItzHPI6pUlvI7jMVnxUQRtw4owF2wk8lOSabtGDCTP4Ggrg2MbGnWO9X8K1t4+fGMDw==",
      "optional": true
    },
    "node_modules/glob": {
      "version": "7.2.3",
      "resolved": "https://registry.npmjs.org/glob/-/glob-7.2.3.tgz",
      "integrity": "sha512-nFR0zLpU2YCaRxwoCJvL6UvCH2JFyFVIvwTLsIf21AuHlMskA1hhTdk+LlYJtOlYt9v6dvszD2BGRqBL+iQK9Q==",
      "deprecated": "Glob versions prior to v9 are no longer supported",
      "optional": true,
      "dependencies": {
        "fs.realpath": "^1.0.0",
        "inflight": "^1.0.4",
        "inherits": "2",
        "minimatch": "^3.1.1",
        "once": "^1.3.0",
        "path-is-absolute": "^1.0.0"
      },
      "engines": {
        "node": "*"
      },
      "funding": {
        "url": "https://github.com/sponsors/isaacs"
      }
    },
    "node_modules/hasurl": {
      "version": "1.0.0",
      "resolved": "https://registry.npmjs.org/hasurl/-/hasurl-1.0.0.tgz",
      "integrity": "sha512-43ypUd3DbwyCT01UYpA99AEZxZ4aKtRxWGBHEIbjcOsUghd9YUON0C+JF6isNjaiwC/UF5neaUudy6JS9jZPZQ==",
      "optional": true,
      "engines": {
        "node": ">= 4"
      }
    },
    "node_modules/inflight": {
      "version": "1.0.6",
      "resolved": "https://registry.npmjs.org/inflight/-/inflight-1.0.6.tgz",
      "integrity": "sha512-k92I/b08q4wvFscXCLvqfsHCrjrF7yiXsQuIVvVE7N82W3+aqpzuUdBbfhWcy/FZR3/4IgflMgKLOsvPDrGCJA==",
      "deprecated": "This module is not supported, and leaks memory. Do not use it. Check out lru-cache if you want a good and tested way to coalesce async requests by a key value, which is much more comprehensive and powerful.",
      "optional": true,
      "dependencies": {
        "once": "^1.3.0",
        "wrappy": "1"
      }
    },
    "node_modules/inherits": {
      "version": "2.0.4",
      "resolved": "https://registry.npmjs.org/inherits/-/inherits-2.0.4.tgz",
      "integrity": "sha512-k/vGaX4/Yla3WzyMCvTQOXYeIHvqOKtnqBduzTHpzpQZzAskKMhZ2K+EnBiSM9zGSoIFeMpXKxa4dYeZIQqewQ==",
      "optional": true
    },
    "node_modules/lodash.sortby": {
      "version": "4.7.0",
      "resolved": "https://registry.npmjs.org/lodash.sortby/-/lodash.sortby-4.7.0.tgz",
      "integrity": "sha512-HDWXG8isMntAyRF5vZ7xKuEvOhT4AhlRt/3czTSjvGUxjYCBVRQY48ViDHyfYz9VIoBkW4TMGQNapx+l3RUwdA==",
      "optional": true
    },
    "node_modules/make-error": {
      "version": "1.3.6",
      "resolved": "https://registry.npmjs.org/make-error/-/make-error-1.3.6.tgz",
      "integrity": "sha512-s8UhlNe7vPKomQhC1qFelMokr/Sc3AgNbso3n74mVPA5LTZwkB9NlXf4XPamLxJE8h0gh73rM94xvwRT2CVInw=="
    },
    "node_modules/minimatch": {
      "version": "3.1.2",
      "resolved": "https://registry.npmjs.org/minimatch/-/minimatch-3.1.2.tgz",
      "integrity": "sha512-J7p63hRiAjw1NDEww1W7i37+ByIrOWO5XQQAzZ3VOcL0PNybwpfmV/N05zFAzwQ9USyEcX6t3UO+K5aqBQOIHw==",
      "optional": true,
      "dependencies": {
        "brace-expansion": "^1.1.7"
      },
      "engines": {
        "node": "*"
      }
    },
    "node_modules/minimist": {
      "version": "1.2.8",
      "resolved": "https://registry.npmjs.org/minimist/-/minimist-1.2.8.tgz",
      "integrity": "sha512-2yyAR8qBkN3YuheJanUpWC5U3bb5osDywNB8RzDVlDwDHbocAJveqqj1u8+SVD7jkWT4yvsHCpWqqWqAxb0zCA==",
      "optional": true,
      "funding": {
        "url": "https://github.com/sponsors/ljharb"
      }
    },
    "node_modules/minipass": {
      "version": "3.3.6",
      "resolved": "https://registry.npmjs.org/minipass/-/minipass-3.3.6.tgz",
      "integrity": "sha512-DxiNidxSEK+tHG6zOIklvNOwm3hvCrbUrdtzY74U6HKTJxvIDfOUL5W5P2Ghd3DTkhhKPYGqeNUIh5qcM4YBfw==",
      "optional": true,
      "dependencies": {
        "yallist": "^4.0.0"
      },
      "engines": {
        "node": ">=8"
      }
    },
    "node_modules/minizlib": {
      "version": "2.1.2",
      "resolved": "https://registry.npmjs.org/minizlib/-/minizlib-2.1.2.tgz",
      "integrity": "sha512-bAxsR8BVfj60DWXHE3u30oHzfl4G7khkSuPW+qvpd7jFRHm7dLxOjUk1EHACJ/hxLY8phGJ0YhYHZo7jil7Qdg==",
      "optional": true,
      "dependencies": {
        "minipass": "^3.0.0",
        "yallist": "^4.0.0"
      },
      "engines": {
        "node": ">= 8"
      }
    },
    "node_modules/mkdirp": {
      "version": "0.5.6",
      "resolved": "https://registry.npmjs.org/mkdirp/-/mkdirp-0.5.6.tgz",
      "integrity": "sha512-FP+p8RB8OWpF3YZBCrP5gtADmtXApB5AMLn+vdyA+PyxCjrCs00mjyUozssO33cwDeT3wNGdLxJ5M//YqtHAJw==",
      "optional": true,
      "dependencies": {
        "minimist": "^1.2.6"
      },
      "bin": {
        "mkdirp": "bin/cmd.js"
      }
    },
    "node_modules/ms": {
      "version": "2.0.0",
      "resolved": "https://registry.npmjs.org/ms/-/ms-2.0.0.tgz",
      "integrity": "sha512-Tpp60P6IUJDTuOq/5Z8cdskzJujfwqfOTkrwIwj7IRISpnkJnT6SyJ4PCPnGMoFjC9ddhal5KVIYtAt97ix05A==",
      "optional": true
    },
    "node_modules/once": {
      "version": "1.4.0",
      "resolved": "https://registry.npmjs.org/once/-/once-1.4.0.tgz",
      "integrity": "sha512-lNaJgI+2Q5URQBkccEKHTQOPaXdUxnZZElQTZY0MFUAuaEqe1E+Nyvgdz/aIyNi6Z9MzO5dv1H8n58/GELp3+w==",
      "optional": true,
      "dependencies": {
        "wrappy": "1"
      }
    },
    "node_modules/path-browserify": {
      "version": "1.0.1",
      "resolved": "https://registry.npmjs.org/path-browserify/-/path-browserify-1.0.1.tgz",
      "integrity": "sha512-b7uo2UCUOYZcnF/3ID0lulOJi/bafxa1xPe7ZPsammBSpjSWQkjNxlt635YGS2MiR9GjvuXCtz2emr3jbsz98g=="
    },
    "node_modules/path-is-absolute": {
      "version": "1.0.1",
      "resolved": "https://registry.npmjs.org/path-is-absolute/-/path-is-absolute-1.0.1.tgz",
      "integrity": "sha512-AVbw3UJ2e9bq64vSaS9Am0fje1Pa8pbGqTTsmXfaIiMpnr5DlDhfJOuLj9Sf95ZPVDAUerDfEk88MPmPe7UCQg==",
      "optional": true,
      "engines": {
        "node": ">=0.10.0"
      }
    },
    "node_modules/prettier": {
      "version": "2.8.8",
      "resolved": "https://registry.npmjs.org/prettier/-/prettier-2.8.8.tgz",
      "integrity": "sha512-tdN8qQGvNjw4CHbY+XXk0JgCXn9QiF21a55rBe5LJAU+kDyC4WQn4+awm2Xfk2lQMk5fKup9XgzTZtGkjBdP9Q==",
      "dev": true,
      "bin": {
        "prettier": "bin-prettier.js"
      },
      "engines": {
        "node": ">=10.13.0"
      },
      "funding": {
        "url": "https://github.com/prettier/prettier?sponsor=1"
      }
    },
    "node_modules/punycode": {
      "version": "2.3.1",
      "resolved": "https://registry.npmjs.org/punycode/-/punycode-2.3.1.tgz",
      "integrity": "sha512-vYt7UD1U9Wg6138shLtLOvdAu+8DsC/ilFtEVHcH+wydcSpNE20AfSOduf6MkRFahL5FY7X1oU7nKVZFtfq8Fg==",
      "optional": true,
      "engines": {
        "node": ">=6"
      }
    },
    "node_modules/r1csfile": {
      "version": "0.0.41",
      "resolved": "https://registry.npmjs.org/r1csfile/-/r1csfile-0.0.41.tgz",
      "integrity": "sha512-Q1WDF3u1vYeAwjHo4YuddkA8Aq0TulbKjmGm99+Atn13Lf5fTsMZBnBV9T741w8iSyPFG6Uh6sapQby77sREqA==",
      "dev": true,
      "dependencies": {
        "@iden3/bigarray": "0.0.2",
        "@iden3/binfileutils": "0.0.11",
        "fastfile": "0.0.20",
        "ffjavascript": "0.2.56"
      }
    },
    "node_modules/r1csfile/node_modules/ffjavascript": {
      "version": "0.2.56",
      "resolved": "https://registry.npmjs.org/ffjavascript/-/ffjavascript-0.2.56.tgz",
      "integrity": "sha512-em6G5Lrj7ucIqj4TYEgyoHs/j99Urwwqa4+YxEVY2hggnpRimVj+noX5pZQTxI1pvtiekZI4rG65JBf0xraXrg==",
      "dev": true,
      "dependencies": {
        "wasmbuilder": "0.0.16",
        "wasmcurves": "0.2.0",
        "web-worker": "^1.2.0"
      }
    },
    "node_modules/r1csfile/node_modules/wasmcurves": {
      "version": "0.2.0",
      "resolved": "https://registry.npmjs.org/wasmcurves/-/wasmcurves-0.2.0.tgz",
      "integrity": "sha512-3e2rbxdujOwaod657gxgmdhZNn+i1qKdHO3Y/bK+8E7bV8ttV/fu5FO4/WLBACF375cK0QDLOP+65Na63qYuWA==",
      "dev": true,
      "dependencies": {
        "wasmbuilder": "0.0.16"
      }
    },
    "node_modules/randombytes": {
      "version": "2.1.0",
      "resolved": "https://registry.npmjs.org/randombytes/-/randombytes-2.1.0.tgz",
      "integrity": "sha512-vYl3iOX+4CKUWuxGi9Ukhie6fsqXqS9FE2Zaic4tNFD2N2QQaXOMFbuKK4QmDHC0JO6B1Zp41J0LpT0oR68amQ==",
      "dependencies": {
        "safe-buffer": "^5.1.0"
      }
    },
    "node_modules/randomfill": {
      "version": "1.0.4",
      "resolved": "https://registry.npmjs.org/randomfill/-/randomfill-1.0.4.tgz",
      "integrity": "sha512-87lcbR8+MhcWcUiQ+9e+Rwx8MyR2P7qnt15ynUlbm3TU/fjbgz4GsvfSUDTemtCCtVCqb4ZcEFlyPNTh9bBTLw==",
      "dependencies": {
        "randombytes": "^2.0.5",
        "safe-buffer": "^5.1.0"
      }
    },
    "node_modules/rimraf": {
      "version": "3.0.2",
      "resolved": "https://registry.npmjs.org/rimraf/-/rimraf-3.0.2.tgz",
      "integrity": "sha512-JZkJMZkAGFFPP2YqXZXPbMlMBgsxzE8ILs4lMIX/2o0L9UBw9O/Y3o6wFw/i9YLapcUJWwqbi3kdxIPdC62TIA==",
      "deprecated": "Rimraf versions prior to v4 are no longer supported",
      "optional": true,
      "dependencies": {
        "glob": "^7.1.3"
      },
      "bin": {
        "rimraf": "bin.js"
      },
      "funding": {
        "url": "https://github.com/sponsors/isaacs"
      }
    },
    "node_modules/rustwasmc": {
      "version": "0.1.29",
      "resolved": "https://registry.npmjs.org/rustwasmc/-/rustwasmc-0.1.29.tgz",
      "integrity": "sha512-yYqYQ61W1P/DUIcUF/djhltHqLQwETuiVorJ52ZqDSYeU2D6+4FrVPbICe7vhz7Y9FeMPz0K1SkBoJjnLjFS6g==",
      "hasInstallScript": true,
      "optional": true,
      "dependencies": {
        "binary-install": "0.0.1"
      },
      "bin": {
        "rustwasmc": "run.js"
      }
    },
    "node_modules/safe-buffer": {
      "version": "5.2.1",
      "resolved": "https://registry.npmjs.org/safe-buffer/-/safe-buffer-5.2.1.tgz",
      "integrity": "sha512-rp3So07KcdmmKbGvgaNxQSJr7bGVSVk5S9Eq1F+ppbRo70+YeaDxkw5Dd8NPN+GD6bjnYm2VuPuCXmpuYvmCXQ==",
      "funding": [
        {
          "type": "github",
          "url": "https://github.com/sponsors/feross"
        },
        {
          "type": "patreon",
          "url": "https://www.patreon.com/feross"
        },
        {
          "type": "consulting",
          "url": "https://feross.org/support"
        }
      ]
    },
    "node_modules/tar": {
      "version": "5.0.11",
      "resolved": "https://registry.npmjs.org/tar/-/tar-5.0.11.tgz",
      "integrity": "sha512-E6q48d5y4XSCD+Xmwc0yc8lXuyDK38E0FB8N4S/drQRtXOMUhfhDxbB0xr2KKDhNfO51CFmoa6Oz00nAkWsjnA==",
      "optional": true,
      "dependencies": {
        "chownr": "^1.1.4",
        "fs-minipass": "^2.1.0",
        "minipass": "^3.1.3",
        "minizlib": "^2.1.2",
        "mkdirp": "^0.5.5",
        "yallist": "^4.0.0"
      },
      "engines": {
        "node": ">= 8"
      }
    },
    "node_modules/tr46": {
      "version": "1.0.1",
      "resolved": "https://registry.npmjs.org/tr46/-/tr46-1.0.1.tgz",
      "integrity": "sha512-dTpowEjclQ7Kgx5SdBkqRzVhERQXov8/l9Ft9dVM9fmg0W0KQSVaXX9T4i6twCPNtYiZM53lpSSUAwJbFPOHxA==",
      "optional": true,
      "dependencies": {
        "punycode": "^2.1.0"
      }
    },
    "node_modules/ts-node": {
      "version": "10.9.2",
      "resolved": "https://registry.npmjs.org/ts-node/-/ts-node-10.9.2.tgz",
      "integrity": "sha512-f0FFpIdcHgn8zcPSbf1dRevwt047YMnaiJM3u2w2RewrB+fob/zePZcrOyQoLMMO7aBIddLcQIEK5dYjkLnGrQ==",
      "dependencies": {
        "@cspotcode/source-map-support": "^0.8.0",
        "@tsconfig/node10": "^1.0.7",
        "@tsconfig/node12": "^1.0.7",
        "@tsconfig/node14": "^1.0.0",
        "@tsconfig/node16": "^1.0.2",
        "acorn": "^8.4.1",
        "acorn-walk": "^8.1.1",
        "arg": "^4.1.0",
        "create-require": "^1.1.0",
        "diff": "^4.0.1",
        "make-error": "^1.1.1",
        "v8-compile-cache-lib": "^3.0.1",
        "yn": "3.1.1"
      },
      "bin": {
        "ts-node": "dist/bin.js",
        "ts-node-cwd": "dist/bin-cwd.js",
        "ts-node-esm": "dist/bin-esm.js",
        "ts-node-script": "dist/bin-script.js",
        "ts-node-transpile-only": "dist/bin-transpile.js",
        "ts-script": "dist/bin-script-deprecated.js"
      },
      "peerDependencies": {
        "@swc/core": ">=1.2.50",
        "@swc/wasm": ">=1.2.50",
        "@types/node": "*",
        "typescript": ">=2.7"
      },
      "peerDependenciesMeta": {
        "@swc/core": {
          "optional": true
        },
        "@swc/wasm": {
          "optional": true
        }
      }
    },
    "node_modules/typescript": {
      "version": "5.5.4",
      "resolved": "https://registry.npmjs.org/typescript/-/typescript-5.5.4.tgz",
      "integrity": "sha512-Mtq29sKDAEYP7aljRgtPOpTvOfbwRWlS6dPRzwjdE+C0R4brX/GUyhHSecbHMFLNBLcJIPt9nl9yG5TZ1weH+Q==",
      "bin": {
        "tsc": "bin/tsc",
        "tsserver": "bin/tsserver"
      },
      "engines": {
        "node": ">=14.17"
      }
    },
    "node_modules/undici-types": {
      "version": "5.26.5",
      "resolved": "https://registry.npmjs.org/undici-types/-/undici-types-5.26.5.tgz",
      "integrity": "sha512-JlCMO+ehdEIKqlFxk6IfVoAUVmgz7cU7zD/h9XZ0qzeosSHmUJVOzSQvvYSYWXkFXC+IfLKSIffhv0sVZup6pA=="
    },
    "node_modules/universal-url": {
      "version": "2.0.0",
      "resolved": "https://registry.npmjs.org/universal-url/-/universal-url-2.0.0.tgz",
      "integrity": "sha512-3DLtXdm/G1LQMCnPj+Aw7uDoleQttNHp2g5FnNQKR6cP6taNWS1b/Ehjjx4PVyvejKi3TJyu8iBraKM4q3JQPg==",
      "optional": true,
      "dependencies": {
        "hasurl": "^1.0.0",
        "whatwg-url": "^7.0.0"
      },
      "engines": {
        "node": ">= 6"
      }
    },
    "node_modules/v8-compile-cache-lib": {
      "version": "3.0.1",
      "resolved": "https://registry.npmjs.org/v8-compile-cache-lib/-/v8-compile-cache-lib-3.0.1.tgz",
      "integrity": "sha512-wa7YjyUGfNZngI/vtK0UHAN+lgDCxBPCylVXGp0zu59Fz5aiGtNXaq3DhIov063MorB+VfufLh3JlF2KdTK3xg=="
    },
    "node_modules/wasmbuilder": {
      "version": "0.0.16",
      "resolved": "https://registry.npmjs.org/wasmbuilder/-/wasmbuilder-0.0.16.tgz",
      "integrity": "sha512-Qx3lEFqaVvp1cEYW7Bfi+ebRJrOiwz2Ieu7ZG2l7YyeSJIok/reEQCQCuicj/Y32ITIJuGIM9xZQppGx5LrQdA==",
      "dev": true
    },
    "node_modules/wasmcurves": {
      "version": "0.2.2",
      "resolved": "https://registry.npmjs.org/wasmcurves/-/wasmcurves-0.2.2.tgz",
      "integrity": "sha512-JRY908NkmKjFl4ytnTu5ED6AwPD+8VJ9oc94kdq7h5bIwbj0L4TDJ69mG+2aLs2SoCmGfqIesMWTEJjtYsoQXQ==",
      "dev": true,
      "dependencies": {
        "wasmbuilder": "0.0.16"
      }
    },
    "node_modules/web-worker": {
      "version": "1.2.0",
      "resolved": "https://registry.npmjs.org/web-worker/-/web-worker-1.2.0.tgz",
      "integrity": "sha512-PgF341avzqyx60neE9DD+XS26MMNMoUQRz9NOZwW32nPQrF6p77f1htcnjBSEV8BGMKZ16choqUG4hyI0Hx7mA==",
      "dev": true
    },
    "node_modules/webidl-conversions": {
      "version": "4.0.2",
      "resolved": "https://registry.npmjs.org/webidl-conversions/-/webidl-conversions-4.0.2.tgz",
      "integrity": "sha512-YQ+BmxuTgd6UXZW3+ICGfyqRyHXVlD5GtQr5+qjiNW7bF0cqrzX500HVXPBOvgXb5YnzDd+h0zqyv61KUD7+Sg==",
      "optional": true
    },
    "node_modules/whatwg-url": {
      "version": "7.1.0",
      "resolved": "https://registry.npmjs.org/whatwg-url/-/whatwg-url-7.1.0.tgz",
      "integrity": "sha512-WUu7Rg1DroM7oQvGWfOiAK21n74Gg+T4elXEQYkOhtyLeWiJFoOGLXPKI/9gzIie9CtwVLm8wtw6YJdKyxSjeg==",
      "optional": true,
      "dependencies": {
        "lodash.sortby": "^4.7.0",
        "tr46": "^1.0.1",
        "webidl-conversions": "^4.0.2"
      }
    },
    "node_modules/wrappy": {
      "version": "1.0.2",
      "resolved": "https://registry.npmjs.org/wrappy/-/wrappy-1.0.2.tgz",
      "integrity": "sha512-l4Sp/DRseor9wL6EvV2+TuQn63dMkPjZ/sp9XkghTEbV9KlPS1xUsZ3u7/IQO4wxtcFB4bgpQPRcR3QCvezPcQ==",
      "optional": true
    },
    "node_modules/yallist": {
      "version": "4.0.0",
      "resolved": "https://registry.npmjs.org/yallist/-/yallist-4.0.0.tgz",
      "integrity": "sha512-3wdGidZyq5PB084XLES5TpOSRA3wjXAlIWMhum2kRcv/41Sn2emQ0dycQW4uZXLejwKvg6EsvbdlVL+FYEct7A==",
      "optional": true
    },
    "node_modules/yn": {
      "version": "3.1.1",
      "resolved": "https://registry.npmjs.org/yn/-/yn-3.1.1.tgz",
      "integrity": "sha512-Ux4ygGWsu2c7isFWe8Yu1YluJmqVhxqK2cLXNQA5AcC3QfbGNpM7fu0Y8b/z16pXLnFxZYvWhd3fhBY9DLmC6Q==",
      "engines": {
        "node": ">=6"
      }
    }
  }
}
